{
  "version": 1,
  "dependencies": {
    "net10.0": {
      "Swashbuckle.AspNetCore": {
        "type": "Direct",
        "requested": "[10.1.7, )",
        "resolved": "10.1.7",
        "contentHash": "vgef8DPT411JU5JjHiDbr0WOxsIVuAvegPGtqmm4Na4JRl/264dfBJcGkiPHsAr5P+Vda+qN1rZKRtBl1rF9aA==",
        "dependencies": {
          "Microsoft.Extensions.ApiDescription.Server": "10.0.0",
          "Swashbuckle.AspNetCore.Swagger": "10.1.7",
          "Swashbuckle.AspNetCore.SwaggerGen": "10.1.7",
          "Swashbuckle.AspNetCore.SwaggerUI": "10.1.7"
        }
      },
      "Microsoft.Azure.Amqp": {
        "type": "Transitive",
        "resolved": "2.4.11",
        "contentHash": "7x5fu2f6TLQDDJS0sY5qW8/daFwJaY9O75YvU8RcUfRzbug+9YGjXUBxoRrprgyi0jxdBAMQL05p1s783SOSFQ=="
      },
      "Microsoft.Azure.ServiceBus": {
        "type": "Transitive",
        "resolved": "5.2.0",
        "contentHash": "wyZNJggyFNtKxd+HgvcTiuRYuTjDGi+pgE4RcBvFbfvNiarKr5AOlE4Ne7on1eUJZuMuEa19wN5dj694HlP60A==",
        "dependencies": {
          "Microsoft.Azure.Amqp": "2.4.11",
          "Microsoft.Azure.Services.AppAuthentication": "[1.0.3, 2.0.0)",
          "Newtonsoft.Json": "10.0.3",
          "System.IdentityModel.Tokens.Jwt": "5.4.0"
        }
      },
      "Microsoft.Azure.Services.AppAuthentication": {
        "type": "Transitive",
        "resolved": "1.0.3",
        "contentHash": "ywpQaK1klu1IoX4VUf+TBmU4kR71aWNI6O5rEIJU8z28L2xhJhnIm7k2Nf1Zu/PygeuOtt5g0QPCk5+lLltbeQ==",
        "dependencies": {
          "Microsoft.IdentityModel.Clients.ActiveDirectory": "3.14.2",
          "NETStandard.Library": "1.6.1"
        }
      },
      "Microsoft.Extensions.ApiDescription.Server": {
        "type": "Transitive",
        "resolved": "10.0.0",
        "contentHash": "NCWCGiwRwje8773yzPQhvucYnnfeR+ZoB1VRIrIMp4uaeUNw7jvEPHij3HIbwCDuNCrNcphA00KSAR9yD9qmbg=="
      },
      "Microsoft.Extensions.DependencyModel": {
        "type": "Transitive",
        "resolved": "3.1.6",
        "contentHash": "/UlDKULIVkLQYn1BaHcy/rc91ApDxJb7T75HcCbGdqwvxhnRQRKM2di1E70iCPMF9zsr6f4EgQTotBGxFIfXmw=="
      },
      "Microsoft.IdentityModel.Clients.ActiveDirectory": {
        "type": "Transitive",
        "resolved": "3.14.2",
        "contentHash": "TNsJJMiRnkeby1ovThVoV9yFsPWjAdluwOA+Nf0LtSsBVVrKQv8Qp4kYOgyNwMVj+pDwbhXISySk+4HyHVWNZQ==",
        "dependencies": {
          "NETStandard.Library": "1.6.0"
        }
      },
      "Microsoft.IdentityModel.JsonWebTokens": {
        "type": "Transitive",
        "resolved": "5.4.0",
        "contentHash": "CDIV/v6s7ZbNjk2Z9rgUP0TToBsIIbTauyosShTRzKRthNpyk6uWzlPQA9/gPXhYERugfhp/w75phDqpH093Pw==",
        "dependencies": {
          "Microsoft.IdentityModel.Tokens": "5.4.0",
          "Newtonsoft.Json": "10.0.1"
        }
      },
      "Microsoft.IdentityModel.Logging": {
        "type": "Transitive",
        "resolved": "5.4.0",
        "contentHash": "lkLmOqJN9ELf1m/+yvvnfm2cipP/RIKzHideQqH+hfFcZMkI4nn2PEOvw6VDpPzPg+31dqJm6W+rhoq5ewrEbA=="
      },
      "Microsoft.IdentityModel.Tokens": {
        "type": "Transitive",
        "resolved": "5.4.0",
        "contentHash": "Lim2PqkdqLRbLqMaP0Hws8vmzmZVVg4sso5J2OwJi1/eE0PmfEbC22b3VeHhL5CRIYKPtzvbiyK/Ahu71/rdpA==",
        "dependencies": {
          "Microsoft.IdentityModel.Logging": "5.4.0",
          "Newtonsoft.Json": "10.0.1"
        }
      },
      "Microsoft.NETCore.Platforms": {
        "type": "Transitive",
        "resolved": "1.1.0",
        "contentHash": "kz0PEW2lhqygehI/d6XsPCQzD7ff7gUJaVGPVETX611eadGsA3A877GdSlU0LRVMCTH/+P3o2iDTak+S08V2+A=="
      },
      "Microsoft.OpenApi": {
        "type": "Transitive",
        "resolved": "2.4.1",
        "contentHash": "u7QhXCISMQuab3flasb1hoaiERmUqyWsW7tmQODyILoQ7mJV5IRGM+2KKZYo0QUfC13evEOcHAb6TPWgqEQtrw=="
      },
      "NETStandard.Library": {
        "type": "Transitive",
        "resolved": "1.6.1",
        "contentHash": "WcSp3+vP+yHNgS8EV5J7pZ9IRpeDuARBPN28by8zqff1wJQXm26PVU8L3/fYLBJVU7BtDyqNVWq2KlCVvSSR4A==",
        "dependencies": {
          "Microsoft.NETCore.Platforms": "1.1.0"
        }
      },
      "Newtonsoft.Json": {
        "type": "Transitive",
        "resolved": "13.0.3",
        "contentHash": "HrC5BXdl00IP9zeV+0Z848QWPAoCr9P3bDEZguI+gkLcBKAOxix/tLEAAHC+UvDNPv4a2d18lOReHMOagPa+zQ=="
      },
      "Scrutor": {
        "type": "Transitive",
        "resolved": "3.3.0",
        "contentHash": "BwqCnFzp2/Z+pq17iztxlIkR/ZANyPRR4PdE57WL1w/JW4AM/2imoxBWTL3+G+YXA46ce4s9OUgwWqTXYrtI8A==",
        "dependencies": {
          "Microsoft.Extensions.DependencyModel": "3.1.6"
        }
      },
      "Swashbuckle.AspNetCore.Swagger": {
        "type": "Transitive",
        "resolved": "10.1.7",
        "contentHash": "EjLibt/d/QuRv170GoihTbcPUpgzSFm2WKHhnGJFZQ03JYzfuitsM79azaAR8NBwRunU7yScSX6HRE5JUlrEMQ==",
        "dependencies": {
          "Microsoft.OpenApi": "2.4.1"
        }
      },
      "Swashbuckle.AspNetCore.SwaggerGen": {
        "type": "Transitive",
        "resolved": "10.1.7",
        "contentHash": "PuubO9BjvNn6U3D9kLpuWKY1JtziWw7SsGBq0age1E50uQjQ8Fzl8s0EwzrLfANqYJNgDnJi9l7N1QxcGVB2Zw==",
        "dependencies": {
          "Swashbuckle.AspNetCore.Swagger": "10.1.7"
        }
      },
      "Swashbuckle.AspNetCore.SwaggerUI": {
        "type": "Transitive",
        "resolved": "10.1.7",
        "contentHash": "iJo3ODyUb/M8Vm8AH1r9y9iAba0w95xsCn3zFVl96ISRHbTDWxi+l7oFVCZqUEdjd97B8VMDPnMliWAdomR8uw=="
      },
      "System.IdentityModel.Tokens.Jwt": {
        "type": "Transitive",
        "resolved": "5.4.0",
        "contentHash": "3iSL/4C+K4d9k700URwCoAEXFesI1Ho0DP/QSr9nmzJZY69oi48qYlglXbl2zz3lB+XfgPiuYoSJ6qIdYBPFzQ==",
        "dependencies": {
          "Microsoft.IdentityModel.JsonWebTokens": "5.4.0",
          "Microsoft.IdentityModel.Tokens": "5.4.0",
          "Newtonsoft.Json": "10.0.1"
        }
      },
      "chatter.cqrs": {
        "type": "Project",
        "dependencies": {
          "Scrutor": "[3.3.0, )"
        }
      },
      "chatter.messagebrokers": {
        "type": "Project",
        "dependencies": {
          "Chatter.CQRS": "[0.8.0, )",
          "Newtonsoft.Json": "[13.0.3, )",
          "Scrutor": "[3.3.0, )"
        }
      },
      "chatter.messagebrokers.azureservicebus": {
        "type": "Project",
        "dependencies": {
          "Chatter.MessageBrokers": "[0.9.0, )",
          "Microsoft.Azure.ServiceBus": "[5.2.0, )",
          "Scrutor": "[3.3.0, )"
        }
      },
      "flightbooking.application": {
        "type": "Project",
        "dependencies": {
          "Chatter.MessageBrokers": "[0.9.0, )",
          "FlightBooking.Domain": "[1.0.0, )"
        }
      },
      "flightbooking.domain": {
        "type": "Project"
      },
      "flightbooking.infrastructure": {
        "type": "Project",
        "dependencies": {
          "Chatter.MessageBrokers.AzureServiceBus": "[0.8.0, )",
          "FlightBooking.Application": "[1.0.0, )"
        }
      }
    },
    "net8.0": {
      "Swashbuckle.AspNetCore": {
        "type": "Direct",
        "requested": "[10.1.7, )",
        "resolved": "10.1.7",
        "contentHash": "vgef8DPT411JU5JjHiDbr0WOxsIVuAvegPGtqmm4Na4JRl/264dfBJcGkiPHsAr5P+Vda+qN1rZKRtBl1rF9aA==",
        "dependencies": {
          "Microsoft.Extensions.ApiDescription.Server": "8.0.0",
          "Swashbuckle.AspNetCore.Swagger": "10.1.7",
          "Swashbuckle.AspNetCore.SwaggerGen": "10.1.7",
          "Swashbuckle.AspNetCore.SwaggerUI": "10.1.7"
        }
      },
      "Microsoft.Azure.Amqp": {
        "type": "Transitive",
        "resolved": "2.4.11",
        "contentHash": "7x5fu2f6TLQDDJS0sY5qW8/daFwJaY9O75YvU8RcUfRzbug+9YGjXUBxoRrprgyi0jxdBAMQL05p1s783SOSFQ=="
      },
      "Microsoft.Azure.ServiceBus": {
        "type": "Transitive",
        "resolved": "5.2.0",
        "contentHash": "wyZNJggyFNtKxd+HgvcTiuRYuTjDGi+pgE4RcBvFbfvNiarKr5AOlE4Ne7on1eUJZuMuEa19wN5dj694HlP60A==",
        "dependencies": {
          "Microsoft.Azure.Amqp": "2.4.11",
          "Microsoft.Azure.Services.AppAuthentication": "[1.0.3, 2.0.0)",
          "Newtonsoft.Json": "10.0.3",
          "System.IdentityModel.Tokens.Jwt": "5.4.0"
        }
      },
      "Microsoft.Azure.Services.AppAuthentication": {
        "type": "Transitive",
        "resolved": "1.0.3",
        "contentHash": "ywpQaK1klu1IoX4VUf+TBmU4kR71aWNI6O5rEIJU8z28L2xhJhnIm7k2Nf1Zu/PygeuOtt5g0QPCk5+lLltbeQ==",
        "dependencies": {
          "Microsoft.IdentityModel.Clients.ActiveDirectory": "3.14.2",
          "NETStandard.Library": "1.6.1"
        }
      },
      "Microsoft.Extensions.ApiDescription.Server": {
        "type": "Transitive",
        "resolved": "8.0.0",
        "contentHash": "jDM3a95WerM8g6IcMiBXq1qRS9dqmEUpgnCk2DeMWpPkYtp1ia+CkXabOnK93JmhVlUmv8l9WMPsCSUm+WqkIA=="
      },
      "Microsoft.Extensions.DependencyModel": {
        "type": "Transitive",
        "resolved": "3.1.6",
        "contentHash": "/UlDKULIVkLQYn1BaHcy/rc91ApDxJb7T75HcCbGdqwvxhnRQRKM2di1E70iCPMF9zsr6f4EgQTotBGxFIfXmw=="
      },
      "Microsoft.IdentityModel.Clients.ActiveDirectory": {
        "type": "Transitive",
        "resolved": "3.14.2",
        "contentHash": "TNsJJMiRnkeby1ovThVoV9yFsPWjAdluwOA+Nf0LtSsBVVrKQv8Qp4kYOgyNwMVj+pDwbhXISySk+4HyHVWNZQ==",
        "dependencies": {
          "NETStandard.Library": "1.6.0"
        }
      },
      "Microsoft.IdentityModel.JsonWebTokens": {
        "type": "Transitive",
        "resolved": "5.4.0",
        "contentHash": "CDIV/v6s7ZbNjk2Z9rgUP0TToBsIIbTauyosShTRzKRthNpyk6uWzlPQA9/gPXhYERugfhp/w75phDqpH093Pw==",
        "dependencies": {
          "Microsoft.IdentityModel.Tokens": "5.4.0",
          "Newtonsoft.Json": "10.0.1"
        }
      },
      "Microsoft.IdentityModel.Logging": {
        "type": "Transitive",
        "resolved": "5.4.0",
        "contentHash": "lkLmOqJN9ELf1m/+yvvnfm2cipP/RIKzHideQqH+hfFcZMkI4nn2PEOvw6VDpPzPg+31dqJm6W+rhoq5ewrEbA=="
      },
      "Microsoft.IdentityModel.Tokens": {
        "type": "Transitive",
        "resolved": "5.4.0",
        "contentHash": "Lim2PqkdqLRbLqMaP0Hws8vmzmZVVg4sso5J2OwJi1/eE0PmfEbC22b3VeHhL5CRIYKPtzvbiyK/Ahu71/rdpA==",
        "dependencies": {
          "Microsoft.IdentityModel.Logging": "5.4.0",
          "Newtonsoft.Json": "10.0.1"
        }
      },
      "Microsoft.NETCore.Platforms": {
        "type": "Transitive",
        "resolved": "1.1.0",
        "contentHash": "kz0PEW2lhqygehI/d6XsPCQzD7ff7gUJaVGPVETX611eadGsA3A877GdSlU0LRVMCTH/+P3o2iDTak+S08V2+A=="
      },
      "Microsoft.OpenApi": {
        "type": "Transitive",
        "resolved": "2.4.1",
        "contentHash": "u7QhXCISMQuab3flasb1hoaiERmUqyWsW7tmQODyILoQ7mJV5IRGM+2KKZYo0QUfC13evEOcHAb6TPWgqEQtrw=="
      },
      "NETStandard.Library": {
        "type": "Transitive",
        "resolved": "1.6.1",
        "contentHash": "WcSp3+vP+yHNgS8EV5J7pZ9IRpeDuARBPN28by8zqff1wJQXm26PVU8L3/fYLBJVU7BtDyqNVWq2KlCVvSSR4A==",
        "dependencies": {
          "Microsoft.NETCore.Platforms": "1.1.0"
        }
      },
      "Newtonsoft.Json": {
        "type": "Transitive",
        "resolved": "13.0.3",
        "contentHash": "HrC5BXdl00IP9zeV+0Z848QWPAoCr9P3bDEZguI+gkLcBKAOxix/tLEAAHC+UvDNPv4a2d18lOReHMOagPa+zQ=="
      },
      "Scrutor": {
        "type": "Transitive",
        "resolved": "3.3.0",
        "contentHash": "BwqCnFzp2/Z+pq17iztxlIkR/ZANyPRR4PdE57WL1w/JW4AM/2imoxBWTL3+G+YXA46ce4s9OUgwWqTXYrtI8A==",
        "dependencies": {
          "Microsoft.Extensions.DependencyModel": "3.1.6"
        }
      },
      "Swashbuckle.AspNetCore.Swagger": {
        "type": "Transitive",
        "resolved": "10.1.7",
        "contentHash": "EjLibt/d/QuRv170GoihTbcPUpgzSFm2WKHhnGJFZQ03JYzfuitsM79azaAR8NBwRunU7yScSX6HRE5JUlrEMQ==",
        "dependencies": {
          "Microsoft.OpenApi": "2.4.1"
        }
      },
      "Swashbuckle.AspNetCore.SwaggerGen": {
        "type": "Transitive",
        "resolved": "10.1.7",
        "contentHash": "PuubO9BjvNn6U3D9kLpuWKY1JtziWw7SsGBq0age1E50uQjQ8Fzl8s0EwzrLfANqYJNgDnJi9l7N1QxcGVB2Zw==",
        "dependencies": {
          "Swashbuckle.AspNetCore.Swagger": "10.1.7"
        }
      },
      "Swashbuckle.AspNetCore.SwaggerUI": {
        "type": "Transitive",
        "resolved": "10.1.7",
        "contentHash": "iJo3ODyUb/M8Vm8AH1r9y9iAba0w95xsCn3zFVl96ISRHbTDWxi+l7oFVCZqUEdjd97B8VMDPnMliWAdomR8uw=="
      },
      "System.IdentityModel.Tokens.Jwt": {
        "type": "Transitive",
        "resolved": "5.4.0",
        "contentHash": "3iSL/4C+K4d9k700URwCoAEXFesI1Ho0DP/QSr9nmzJZY69oi48qYlglXbl2zz3lB+XfgPiuYoSJ6qIdYBPFzQ==",
        "dependencies": {
          "Microsoft.IdentityModel.JsonWebTokens": "5.4.0",
          "Microsoft.IdentityModel.Tokens": "5.4.0",
          "Newtonsoft.Json": "10.0.1"
        }
      },
      "chatter.cqrs": {
        "type": "Project",
        "dependencies": {
          "Scrutor": "[3.3.0, )"
        }
      },
      "chatter.messagebrokers": {
        "type": "Project",
        "dependencies": {
          "Chatter.CQRS": "[0.8.0, )",
          "Newtonsoft.Json": "[13.0.3, )",
          "Scrutor": "[3.3.0, )"
        }
      },
      "chatter.messagebrokers.azureservicebus": {
        "type": "Project",
        "dependencies": {
          "Chatter.MessageBrokers": "[0.9.0, )",
          "Microsoft.Azure.ServiceBus": "[5.2.0, )",
          "Scrutor": "[3.3.0, )"
        }
      },
      "flightbooking.application": {
        "type": "Project",
        "dependencies": {
          "Chatter.MessageBrokers": "[0.9.0, )",
          "FlightBooking.Domain": "[1.0.0, )"
        }
      },
      "flightbooking.domain": {
        "type": "Project"
      },
      "flightbooking.infrastructure": {
        "type": "Project",
        "dependencies": {
          "Chatter.MessageBrokers.AzureServiceBus": "[0.8.0, )",
          "FlightBooking.Application": "[1.0.0, )"
        }
      }
    }
  }
}